{
    "name": "@types/magento2-page-builder-types",
    "version": "1.2.0",
    "lockfileVersion": 1,
    "requires": true,
    "dependencies": {
        "@types/jquery": {
            "version": "1.10.27",
            "resolved": "https://registry.npmjs.org/@types/jquery/-/jquery-1.10.27.tgz",
            "integrity": "sha1-Se9TX4lVlAh2EmGpzSMlLLtuN0s="
        },
        "@types/jqueryui": {
            "version": "1.12.9",
            "resolved": "https://registry.npmjs.org/@types/jqueryui/-/jqueryui-1.12.9.tgz",
            "integrity": "sha512-bHE7BiG+5Sviy/eA9Npz5HHF3hv40XjaEbpYtSJPaNwuyxhSJ0qWlE8C5DgNMfobVOZ2aSTrM1iGDCGmvlbxOg==",
            "requires": {
                "@types/jquery": "*"
            }
        },
        "@types/knockout": {
            "version": "3.4.66",
            "resolved": "https://registry.npmjs.org/@types/knockout/-/knockout-3.4.66.tgz",
            "integrity": "sha512-UNmyr4mM/y/AvQ6eQmd9v+9/QDZUxiudFb6U/sqIvKlQtAiUO5RM52YRP88CQzYOztxWw0t1feeFIKN3R4Q2Ow=="
        },
        "@types/magento2": {
            "version": "git+https://github.com/magento/ts-types.git#3a9973b0df1ab4ed3061c2b3f6a02a66931bb1e0",
            "from": "git+https://github.com/magento/ts-types.git"
        },
        "@types/requirejs": {
            "version": "2.1.31",
            "resolved": "https://registry.npmjs.org/@types/requirejs/-/requirejs-2.1.31.tgz",
            "integrity": "sha512-b2soeyuU76rMbcRJ4e0hEl0tbMhFwZeTC0VZnfuWlfGlk6BwWNsev6kFu/twKABPX29wkX84wU2o+cEJoXsiTw=="
        },
        "@types/slick-carousel": {
            "version": "1.6.33",
            "resolved": "https://registry.npmjs.org/@types/slick-carousel/-/slick-carousel-1.6.33.tgz",
            "integrity": "sha512-JYECbTcqpcNYiKy3bsnBCKUuf8bIf74UJMd21Da6LrGt1zVj1GgfQD4BZTGUCEDzF2a7hchuRpg240Y93Py/iQ==",
            "requires": {
                "@types/jquery": "*"
            }
        },
        "@types/tinycolor": {
            "version": "1.1.27",
            "resolved": "https://registry.npmjs.org/@types/tinycolor/-/tinycolor-1.1.27.tgz",
            "integrity": "sha1-0B0FpoHQziiSOwIdXz11LqBHgIk="
        },
        "@types/tinymce": {
            "version": "4.5.23",
            "resolved": "https://registry.npmjs.org/@types/tinymce/-/tinymce-4.5.23.tgz",
            "integrity": "sha512-uHTeUYe2kyhNCAd57NPNiJG6bAyAyCLugSb3QlZCttQ+due44aFZzPD1NTZ3nfWSGAldGtrwpUg/tnP1/HRR0w==",
            "requires": {
                "@types/jquery": "*"
            }
        },
        "@types/underscore": {
            "version": "1.9.3",
            "resolved": "https://registry.npmjs.org/@types/underscore/-/underscore-1.9.3.tgz",
            "integrity": "sha512-SwbHKB2DPIDlvYqtK5O+0LFtZAyrUSw4c0q+HWwmH1Ve3KMQ0/5PlV3RX97+3dP7yMrnNQ8/bCWWvQpPl03Mug=="
        }
    }
}
